// !$*UTF8*$!
{
	archiveVersion = 1;
	classes = {
	};
	objectVersion = 50;
	objects = {

/* Begin PBXBuildFile section */
		2CCFA3302698A67800B3AD80 /* AppDelegate.swift in Sources */ = {isa = PBXBuildFile; fileRef = 2CCFA32F2698A67800B3AD80 /* AppDelegate.swift */; };
		2CCFA3322698A67800B3AD80 /* SceneDelegate.swift in Sources */ = {isa = PBXBuildFile; fileRef = 2CCFA3312698A67800B3AD80 /* SceneDelegate.swift */; };
		2CCFA3392698A67B00B3AD80 /* Assets.xcassets in Resources */ = {isa = PBXBuildFile; fileRef = 2CCFA3382698A67B00B3AD80 /* Assets.xcassets */; };
		2CCFA33C2698A67B00B3AD80 /* LaunchScreen.storyboard in Resources */ = {isa = PBXBuildFile; fileRef = 2CCFA33A2698A67B00B3AD80 /* LaunchScreen.storyboard */; };
		2CFDD8E32698A9C700FE5899 /* NetworkManager.swift in Sources */ = {isa = PBXBuildFile; fileRef = 2CFDD8E22698A9C700FE5899 /* NetworkManager.swift */; };
		2CFDD8E62698A9EA00FE5899 /* AccountCell.swift in Sources */ = {isa = PBXBuildFile; fileRef = 2CFDD8E52698A9EA00FE5899 /* AccountCell.swift */; };
		2CFDD8E92698AA2100FE5899 /* UIFont+Vry.swift in Sources */ = {isa = PBXBuildFile; fileRef = 2CFDD8E82698AA2100FE5899 /* UIFont+Vry.swift */; };
		2CFDD8EC2698AA3100FE5899 /* VColor.swift in Sources */ = {isa = PBXBuildFile; fileRef = 2CFDD8EB2698AA3100FE5899 /* VColor.swift */; };
		2CFDD8EF2698AA4700FE5899 /* VryPallete.swift in Sources */ = {isa = PBXBuildFile; fileRef = 2CFDD8EE2698AA4700FE5899 /* VryPallete.swift */; };
		2CFDD8F22698AA5800FE5899 /* ViewColor.swift in Sources */ = {isa = PBXBuildFile; fileRef = 2CFDD8F12698AA5800FE5899 /* ViewColor.swift */; };
		2CFDD8F52698AA7D00FE5899 /* AccountDetailViewController.swift in Sources */ = {isa = PBXBuildFile; fileRef = 2CFDD8F42698AA7D00FE5899 /* AccountDetailViewController.swift */; };
		2CFDD8F82698AAA000FE5899 /* AccountListViewController.swift in Sources */ = {isa = PBXBuildFile; fileRef = 2CFDD8F72698AAA000FE5899 /* AccountListViewController.swift */; };
		2CFDD8FB2698AAC000FE5899 /* Account.swift in Sources */ = {isa = PBXBuildFile; fileRef = 2CFDD8FA2698AAC000FE5899 /* Account.swift */; };
/* End PBXBuildFile section */

/* Begin PBXFileReference section */
		2CCFA32C2698A67800B3AD80 /* Veryable-iOS-Challenge-NBirch.app */ = {isa = PBXFileReference; explicitFileType = wrapper.application; includeInIndex = 0; path = "Veryable-iOS-Challenge-NBirch.app"; sourceTree = BUILT_PRODUCTS_DIR; };
		2CCFA32F2698A67800B3AD80 /* AppDelegate.swift */ = {isa = PBXFileReference; lastKnownFileType = sourcecode.swift; path = AppDelegate.swift; sourceTree = "<group>"; };
		2CCFA3312698A67800B3AD80 /* SceneDelegate.swift */ = {isa = PBXFileReference; lastKnownFileType = sourcecode.swift; path = SceneDelegate.swift; sourceTree = "<group>"; };
		2CCFA3382698A67B00B3AD80 /* Assets.xcassets */ = {isa = PBXFileReference; lastKnownFileType = folder.assetcatalog; path = Assets.xcassets; sourceTree = "<group>"; };
		2CCFA33B2698A67B00B3AD80 /* Base */ = {isa = PBXFileReference; lastKnownFileType = file.storyboard; name = Base; path = Base.lproj/LaunchScreen.storyboard; sourceTree = "<group>"; };
		2CCFA33D2698A67B00B3AD80 /* Info.plist */ = {isa = PBXFileReference; lastKnownFileType = text.plist.xml; path = Info.plist; sourceTree = "<group>"; };
		2CFDD8E22698A9C700FE5899 /* NetworkManager.swift */ = {isa = PBXFileReference; lastKnownFileType = sourcecode.swift; path = NetworkManager.swift; sourceTree = "<group>"; };
		2CFDD8E52698A9EA00FE5899 /* AccountCell.swift */ = {isa = PBXFileReference; lastKnownFileType = sourcecode.swift; path = AccountCell.swift; sourceTree = "<group>"; };
		2CFDD8E82698AA2100FE5899 /* UIFont+Vry.swift */ = {isa = PBXFileReference; lastKnownFileType = sourcecode.swift; path = "UIFont+Vry.swift"; sourceTree = "<group>"; };
		2CFDD8EB2698AA3100FE5899 /* VColor.swift */ = {isa = PBXFileReference; lastKnownFileType = sourcecode.swift; path = VColor.swift; sourceTree = "<group>"; };
		2CFDD8EE2698AA4700FE5899 /* VryPallete.swift */ = {isa = PBXFileReference; lastKnownFileType = sourcecode.swift; path = VryPallete.swift; sourceTree = "<group>"; };
		2CFDD8F12698AA5800FE5899 /* ViewColor.swift */ = {isa = PBXFileReference; lastKnownFileType = sourcecode.swift; path = ViewColor.swift; sourceTree = "<group>"; };
		2CFDD8F42698AA7D00FE5899 /* AccountDetailViewController.swift */ = {isa = PBXFileReference; lastKnownFileType = sourcecode.swift; path = AccountDetailViewController.swift; sourceTree = "<group>"; };
		2CFDD8F72698AAA000FE5899 /* AccountListViewController.swift */ = {isa = PBXFileReference; lastKnownFileType = sourcecode.swift; path = AccountListViewController.swift; sourceTree = "<group>"; };
		2CFDD8FA2698AAC000FE5899 /* Account.swift */ = {isa = PBXFileReference; lastKnownFileType = sourcecode.swift; path = Account.swift; sourceTree = "<group>"; };
/* End PBXFileReference section */

/* Begin PBXFrameworksBuildPhase section */
		2CCFA3292698A67800B3AD80 /* Frameworks */ = {
			isa = PBXFrameworksBuildPhase;
			buildActionMask = 2147483647;
			files = (
			);
			runOnlyForDeploymentPostprocessing = 0;
		};
/* End PBXFrameworksBuildPhase section */

/* Begin PBXGroup section */
		2CCFA3232698A67800B3AD80 = {
			isa = PBXGroup;
			children = (
				2CCFA32E2698A67800B3AD80 /* Veryable-iOS-Challenge-NBirch */,
				2CCFA32D2698A67800B3AD80 /* Products */,
			);
			sourceTree = "<group>";
		};
		2CCFA32D2698A67800B3AD80 /* Products */ = {
			isa = PBXGroup;
			children = (
				2CCFA32C2698A67800B3AD80 /* Veryable-iOS-Challenge-NBirch.app */,
			);
			name = Products;
			sourceTree = "<group>";
		};
		2CCFA32E2698A67800B3AD80 /* Veryable-iOS-Challenge-NBirch */ = {
			isa = PBXGroup;
			children = (
				2CCFA3462698A77B00B3AD80 /* Models */,
				2CCFA3472698A78200B3AD80 /* ListView */,
				2CCFA34D2698A85600B3AD80 /* DetailView */,
				2CCFA34E2698A86100B3AD80 /* Styling */,
				2CCFA34F2698A86600B3AD80 /* Cells */,
				2CCFA3502698A87000B3AD80 /* Network */,
				2CCFA32F2698A67800B3AD80 /* AppDelegate.swift */,
				2CCFA3312698A67800B3AD80 /* SceneDelegate.swift */,
				2CCFA3382698A67B00B3AD80 /* Assets.xcassets */,
				2CCFA33A2698A67B00B3AD80 /* LaunchScreen.storyboard */,
				2CCFA33D2698A67B00B3AD80 /* Info.plist */,
			);
			path = "Veryable-iOS-Challenge-NBirch";
			sourceTree = "<group>";
		};
		2CCFA3462698A77B00B3AD80 /* Models */ = {
			isa = PBXGroup;
			children = (
				2CFDD8FA2698AAC000FE5899 /* Account.swift */,
			);
			path = Models;
			sourceTree = "<group>";
		};
		2CCFA3472698A78200B3AD80 /* ListView */ = {
			isa = PBXGroup;
			children = (
				2CFDD8F72698AAA000FE5899 /* AccountListViewController.swift */,
			);
			path = ListView;
			sourceTree = "<group>";
		};
		2CCFA34D2698A85600B3AD80 /* DetailView */ = {
			isa = PBXGroup;
			children = (
				2CFDD8F42698AA7D00FE5899 /* AccountDetailViewController.swift */,
			);
			path = DetailView;
			sourceTree = "<group>";
		};
		2CCFA34E2698A86100B3AD80 /* Styling */ = {
			isa = PBXGroup;
			children = (
				2CFDD8E82698AA2100FE5899 /* UIFont+Vry.swift */,
				2CFDD8EB2698AA3100FE5899 /* VColor.swift */,
				2CFDD8EE2698AA4700FE5899 /* VryPallete.swift */,
				2CFDD8F12698AA5800FE5899 /* ViewColor.swift */,
			);
			path = Styling;
			sourceTree = "<group>";
		};
		2CCFA34F2698A86600B3AD80 /* Cells */ = {
			isa = PBXGroup;
			children = (
				2CFDD8E52698A9EA00FE5899 /* AccountCell.swift */,
			);
			path = Cells;
			sourceTree = "<group>";
		};
		2CCFA3502698A87000B3AD80 /* Network */ = {
			isa = PBXGroup;
			children = (
				2CFDD8E22698A9C700FE5899 /* NetworkManager.swift */,
			);
			path = Network;
			sourceTree = "<group>";
		};
/* End PBXGroup section */

/* Begin PBXNativeTarget section */
		2CCFA32B2698A67800B3AD80 /* Veryable-iOS-Challenge-NBirch */ = {
			isa = PBXNativeTarget;
			buildConfigurationList = 2CCFA3402698A67B00B3AD80 /* Build configuration list for PBXNativeTarget "Veryable-iOS-Challenge-NBirch" */;
			buildPhases = (
				2CCFA3282698A67800B3AD80 /* Sources */,
				2CCFA3292698A67800B3AD80 /* Frameworks */,
				2CCFA32A2698A67800B3AD80 /* Resources */,
			);
			buildRules = (
			);
			dependencies = (
			);
			name = "Veryable-iOS-Challenge-NBirch";
			productName = "Veryable-iOS-Challenge-NBirch";
			productReference = 2CCFA32C2698A67800B3AD80 /* Veryable-iOS-Challenge-NBirch.app */;
			productType = "com.apple.product-type.application";
		};
/* End PBXNativeTarget section */

/* Begin PBXProject section */
		2CCFA3242698A67800B3AD80 /* Project object */ = {
			isa = PBXProject;
			attributes = {
				LastSwiftUpdateCheck = 1240;
				LastUpgradeCheck = 1240;
				TargetAttributes = {
					2CCFA32B2698A67800B3AD80 = {
						CreatedOnToolsVersion = 12.4;
					};
				};
			};
			buildConfigurationList = 2CCFA3272698A67800B3AD80 /* Build configuration list for PBXProject "Veryable-iOS-Challenge-NBirch" */;
			compatibilityVersion = "Xcode 9.3";
			developmentRegion = en;
			hasScannedForEncodings = 0;
			knownRegions = (
				en,
				Base,
			);
			mainGroup = 2CCFA3232698A67800B3AD80;
			productRefGroup = 2CCFA32D2698A67800B3AD80 /* Products */;
			projectDirPath = "";
			projectRoot = "";
			targets = (
				2CCFA32B2698A67800B3AD80 /* Veryable-iOS-Challenge-NBirch */,
			);
		};
/* End PBXProject section */

/* Begin PBXResourcesBuildPhase section */
		2CCFA32A2698A67800B3AD80 /* Resources */ = {
			isa = PBXResourcesBuildPhase;
			buildActionMask = 2147483647;
			files = (
				2CCFA33C2698A67B00B3AD80 /* LaunchScreen.storyboard in Resources */,
				2CCFA3392698A67B00B3AD80 /* Assets.xcassets in Resources */,
			);
			runOnlyForDeploymentPostprocessing = 0;
		};
/* End PBXResourcesBuildPhase section */

/* Begin PBXSourcesBuildPhase section */
		2CCFA3282698A67800B3AD80 /* Sources */ = {
			isa = PBXSourcesBuildPhase;
			buildActionMask = 2147483647;
			files = (
				2CFDD8F52698AA7D00FE5899 /* AccountDetailViewController.swift in Sources */,
				2CFDD8FB2698AAC000FE5899 /* Account.swift in Sources */,
				2CFDD8E32698A9C700FE5899 /* NetworkManager.swift in Sources */,
				2CFDD8E62698A9EA00FE5899 /* AccountCell.swift in Sources */,
				2CFDD8EC2698AA3100FE5899 /* VColor.swift in Sources */,
				2CCFA3302698A67800B3AD80 /* AppDelegate.swift in Sources */,
				2CFDD8F22698AA5800FE5899 /* ViewColor.swift in Sources */,
				2CFDD8EF2698AA4700FE5899 /* VryPallete.swift in Sources */,
				2CFDD8E92698AA2100FE5899 /* UIFont+Vry.swift in Sources */,
				2CFDD8F82698AAA000FE5899 /* AccountListViewController.swift in Sources */,
				2CCFA3322698A67800B3AD80 /* SceneDelegate.swift in Sources */,
			);
			runOnlyForDeploymentPostprocessing = 0;
		};
/* End PBXSourcesBuildPhase section */

/* Begin PBXVariantGroup section */
		2CCFA33A2698A67B00B3AD80 /* LaunchScreen.storyboard */ = {
			isa = PBXVariantGroup;
			children = (
				2CCFA33B2698A67B00B3AD80 /* Base */,
			);
			name = LaunchScreen.storyboard;
			sourceTree = "<group>";
		};
/* End PBXVariantGroup section */

/* Begin XCBuildConfiguration section */
		2CCFA33E2698A67B00B3AD80 /* Debug */ = {
			isa = XCBuildConfiguration;
			buildSettings = {
				ALWAYS_SEARCH_USER_PATHS = NO;
				CLANG_ANALYZER_NONNULL = YES;
				CLANG_ANALYZER_NUMBER_OBJECT_CONVERSION = YES_AGGRESSIVE;
				CLANG_CXX_LANGUAGE_STANDARD = "gnu++14";
				CLANG_CXX_LIBRARY = "libc++";
				CLANG_ENABLE_MODULES = YES;
				CLANG_ENABLE_OBJC_ARC = YES;
				CLANG_ENABLE_OBJC_WEAK = YES;
				CLANG_WARN_BLOCK_CAPTURE_AUTORELEASING = YES;
				CLANG_WARN_BOOL_CONVERSION = YES;
				CLANG_WARN_COMMA = YES;
				CLANG_WARN_CONSTANT_CONVERSION = YES;
				CLANG_WARN_DEPRECATED_OBJC_IMPLEMENTATIONS = YES;
				CLANG_WARN_DIRECT_OBJC_ISA_USAGE = YES_ERROR;
				CLANG_WARN_DOCUMENTATION_COMMENTS = YES;
				CLANG_WARN_EMPTY_BODY = YES;
				CLANG_WARN_ENUM_CONVERSION = YES;
				CLANG_WARN_INFINITE_RECURSION = YES;
				CLANG_WARN_INT_CONVERSION = YES;
				CLANG_WARN_NON_LITERAL_NULL_CONVERSION = YES;
				CLANG_WARN_OBJC_IMPLICIT_RETAIN_SELF = YES;
				CLANG_WARN_OBJC_LITERAL_CONVERSION = YES;
				CLANG_WARN_OBJC_ROOT_CLASS = YES_ERROR;
				CLANG_WARN_QUOTED_INCLUDE_IN_FRAMEWORK_HEADER = YES;
				CLANG_WARN_RANGE_LOOP_ANALYSIS = YES;
				CLANG_WARN_STRICT_PROTOTYPES = YES;
				CLANG_WARN_SUSPICIOUS_MOVE = YES;
				CLANG_WARN_UNGUARDED_AVAILABILITY = YES_AGGRESSIVE;
				CLANG_WARN_UNREACHABLE_CODE = YES;
				CLANG_WARN__DUPLICATE_METHOD_MATCH = YES;
				COPY_PHASE_STRIP = NO;
				DEBUG_INFORMATION_FORMAT = dwarf;
				ENABLE_STRICT_OBJC_MSGSEND = YES;
				ENABLE_TESTABILITY = YES;
				GCC_C_LANGUAGE_STANDARD = gnu11;
				GCC_DYNAMIC_NO_PIC = NO;
				GCC_NO_COMMON_BLOCKS = YES;
				GCC_OPTIMIZATION_LEVEL = 0;
				GCC_PREPROCESSOR_DEFINITIONS = (
					"DEBUG=1",
					"$(inherited)",
				);
				GCC_WARN_64_TO_32_BIT_CONVERSION = YES;
				GCC_WARN_ABOUT_RETURN_TYPE = YES_ERROR;
				GCC_WARN_UNDECLARED_SELECTOR = YES;
				GCC_WARN_UNINITIALIZED_AUTOS = YES_AGGRESSIVE;
				GCC_WARN_UNUSED_FUNCTION = YES;
				GCC_WARN_UNUSED_VARIABLE = YES;
				IPHONEOS_DEPLOYMENT_TARGET = 14.4;
				MTL_ENABLE_DEBUG_INFO = INCLUDE_SOURCE;
				MTL_FAST_MATH = YES;
				ONLY_ACTIVE_ARCH = YES;
				SDKROOT = iphoneos;
				SWIFT_ACTIVE_COMPILATION_CONDITIONS = DEBUG;
				SWIFT_OPTIMIZATION_LEVEL = "-Onone";
			};
			name = Debug;
		};
		2CCFA33F2698A67B00B3AD80 /* Release */ = {
			isa = XCBuildConfiguration;
			buildSettings = {
				ALWAYS_SEARCH_USER_PATHS = NO;
				CLANG_ANALYZER_NONNULL = YES;
				CLANG_ANALYZER_NUMBER_OBJECT_CONVERSION = YES_AGGRESSIVE;
				CLANG_CXX_LANGUAGE_STANDARD = "gnu++14";
				CLANG_CXX_LIBRARY = "libc++";
				CLANG_ENABLE_MODULES = YES;
				CLANG_ENABLE_OBJC_ARC = YES;
				CLANG_ENABLE_OBJC_WEAK = YES;
				CLANG_WARN_BLOCK_CAPTURE_AUTORELEASING = YES;
				CLANG_WARN_BOOL_CONVERSION = YES;
				CLANG_WARN_COMMA = YES;
				CLANG_WARN_CONSTANT_CONVERSION = YES;
				CLANG_WARN_DEPRECATED_OBJC_IMPLEMENTATIONS = YES;
				CLANG_WARN_DIRECT_OBJC_ISA_USAGE = YES_ERROR;
				CLANG_WARN_DOCUMENTATION_COMMENTS = YES;
				CLANG_WARN_EMPTY_BODY = YES;
				CLANG_WARN_ENUM_CONVERSION = YES;
				CLANG_WARN_INFINITE_RECURSION = YES;
				CLANG_WARN_INT_CONVERSION = YES;
				CLANG_WARN_NON_LITERAL_NULL_CONVERSION = YES;
				CLANG_WARN_OBJC_IMPLICIT_RETAIN_SELF = YES;
				CLANG_WARN_OBJC_LITERAL_CONVERSION = YES;
				CLANG_WARN_OBJC_ROOT_CLASS = YES_ERROR;
				CLANG_WARN_QUOTED_INCLUDE_IN_FRAMEWORK_HEADER = YES;
				CLANG_WARN_RANGE_LOOP_ANALYSIS = YES;
				CLANG_WARN_STRICT_PROTOTYPES = YES;
				CLANG_WARN_SUSPICIOUS_MOVE = YES;
				CLANG_WARN_UNGUARDED_AVAILABILITY = YES_AGGRESSIVE;
				CLANG_WARN_UNREACHABLE_CODE = YES;
				CLANG_WARN__DUPLICATE_METHOD_MATCH = YES;
				COPY_PHASE_STRIP = NO;
				DEBUG_INFORMATION_FORMAT = "dwarf-with-dsym";
				ENABLE_NS_ASSERTIONS = NO;
				ENABLE_STRICT_OBJC_MSGSEND = YES;
				GCC_C_LANGUAGE_STANDARD = gnu11;
				GCC_NO_COMMON_BLOCKS = YES;
				GCC_WARN_64_TO_32_BIT_CONVERSION = YES;
				GCC_WARN_ABOUT_RETURN_TYPE = YES_ERROR;
				GCC_WARN_UNDECLARED_SELECTOR = YES;
				GCC_WARN_UNINITIALIZED_AUTOS = YES_AGGRESSIVE;
				GCC_WARN_UNUSED_FUNCTION = YES;
				GCC_WARN_UNUSED_VARIABLE = YES;
				IPHONEOS_DEPLOYMENT_TARGET = 14.4;
				MTL_ENABLE_DEBUG_INFO = NO;
				MTL_FAST_MATH = YES;
				SDKROOT = iphoneos;
				SWIFT_COMPILATION_MODE = wholemodule;
				SWIFT_OPTIMIZATION_LEVEL = "-O";
				VALIDATE_PRODUCT = YES;
			};
			name = Release;
		};
		2CCFA3412698A67B00B3AD80 /* Debug */ = {
			isa = XCBuildConfiguration;
			buildSettings = {
				ASSETCATALOG_COMPILER_APPICON_NAME = AppIcon;
				ASSETCATALOG_COMPILER_GLOBAL_ACCENT_COLOR_NAME = AccentColor;
				CODE_SIGN_STYLE = Automatic;
				DEVELOPMENT_TEAM = 7W2B7M9VL5;
				INFOPLIST_FILE = "Veryable-iOS-Challenge-NBirch/Info.plist";
				LD_RUNPATH_SEARCH_PATHS = (
					"$(inherited)",
					"@executable_path/Frameworks",
				);
				PRODUCT_BUNDLE_IDENTIFIER = "com.njbcreation.Veryable-iOS-Challenge-NBirch";
				PRODUCT_NAME = "$(TARGET_NAME)";
				SWIFT_VERSION = 5.0;
				TARGETED_DEVICE_FAMILY = 1;
			};
			name = Debug;
		};
		2CCFA3422698A67B00B3AD80 /* Release */ = {
			isa = XCBuildConfiguration;
			buildSettings = {
				ASSETCATALOG_COMPILER_APPICON_NAME = AppIcon;
				ASSETCATALOG_COMPILER_GLOBAL_ACCENT_COLOR_NAME = AccentColor;
				CODE_SIGN_STYLE = Automatic;
				DEVELOPMENT_TEAM = 7W2B7M9VL5;
				INFOPLIST_FILE = "Veryable-iOS-Challenge-NBirch/Info.plist";
				LD_RUNPATH_SEARCH_PATHS = (
					"$(inherited)",
					"@executable_path/Frameworks",
				);
				PRODUCT_BUNDLE_IDENTIFIER = "com.njbcreation.Veryable-iOS-Challenge-NBirch";
				PRODUCT_NAME = "$(TARGET_NAME)";
				SWIFT_VERSION = 5.0;
				TARGETED_DEVICE_FAMILY = 1;
			};
			name = Release;
		};
/* End XCBuildConfiguration section */

/* Begin XCConfigurationList section */
		2CCFA3272698A67800B3AD80 /* Build configuration list for PBXProject "Veryable-iOS-Challenge-NBirch" */ = {
			isa = XCConfigurationList;
			buildConfigurations = (
				2CCFA33E2698A67B00B3AD80 /* Debug */,
				2CCFA33F2698A67B00B3AD80 /* Release */,
			);
			defaultConfigurationIsVisible = 0;
			defaultConfigurationName = Release;
		};
		2CCFA3402698A67B00B3AD80 /* Build configuration list for PBXNativeTarget "Veryable-iOS-Challenge-NBirch" */ = {
			isa = XCConfigurationList;
			buildConfigurations = (
				2CCFA3412698A67B00B3AD80 /* Debug */,
				2CCFA3422698A67B00B3AD80 /* Release */,
			);
			defaultConfigurationIsVisible = 0;
			defaultConfigurationName = Release;
		};
/* End XCConfigurationList section */
	};
	rootObject = 2CCFA3242698A67800B3AD80 /* Project object */;
}
